// !$*UTF8*$!
{
	archiveVersion = 1;
	classes = {
	};
	objectVersion = 50;
	objects = {

/* Begin PBXBuildFile section */
		A783FEA43DBB9C25ACCEF090 /* Pods_CocoacastsTests.framework in Frameworks */ = {isa = PBXBuildFile; fileRef = FC3EFFCE203C29B1308C80BB /* Pods_CocoacastsTests.framework */; };
		B64884D92406F2A0000D5BC4 /* AppDelegate.swift in Sources */ = {isa = PBXBuildFile; fileRef = B64884D82406F2A0000D5BC4 /* AppDelegate.swift */; };
		B64884DB2406F2A0000D5BC4 /* SceneDelegate.swift in Sources */ = {isa = PBXBuildFile; fileRef = B64884DA2406F2A0000D5BC4 /* SceneDelegate.swift */; };
		B64884DD2406F2A0000D5BC4 /* ViewController.swift in Sources */ = {isa = PBXBuildFile; fileRef = B64884DC2406F2A0000D5BC4 /* ViewController.swift */; };
		B64884E02406F2A0000D5BC4 /* Main.storyboard in Resources */ = {isa = PBXBuildFile; fileRef = B64884DE2406F2A0000D5BC4 /* Main.storyboard */; };
		B64884E22406F2A3000D5BC4 /* Assets.xcassets in Resources */ = {isa = PBXBuildFile; fileRef = B64884E12406F2A3000D5BC4 /* Assets.xcassets */; };
		B64884E52406F2A3000D5BC4 /* LaunchScreen.storyboard in Resources */ = {isa = PBXBuildFile; fileRef = B64884E32406F2A3000D5BC4 /* LaunchScreen.storyboard */; };
		CA4B58C661F9676EB0A6C9F4 /* Pods_CocoacastsUITests.framework in Frameworks */ = {isa = PBXBuildFile; fileRef = A56892BE72B6430E9D0D3236 /* Pods_CocoacastsUITests.framework */; };
		D265CF59FB16A1115A08D917 /* Pods_Cocoacasts.framework in Frameworks */ = {isa = PBXBuildFile; fileRef = 613DCE24129321A772A2A661 /* Pods_Cocoacasts.framework */; };
/* End PBXBuildFile section */

/* Begin PBXContainerItemProxy section */
		B64884EC2406F2A3000D5BC4 /* PBXContainerItemProxy */ = {
			isa = PBXContainerItemProxy;
			containerPortal = B64884CD2406F2A0000D5BC4 /* Project object */;
			proxyType = 1;
			remoteGlobalIDString = B64884D42406F2A0000D5BC4;
			remoteInfo = Cocoacasts;
		};
		B64884F72406F2A3000D5BC4 /* PBXContainerItemProxy */ = {
			isa = PBXContainerItemProxy;
			containerPortal = B64884CD2406F2A0000D5BC4 /* Project object */;
			proxyType = 1;
			remoteGlobalIDString = B64884D42406F2A0000D5BC4;
			remoteInfo = Cocoacasts;
		};
/* End PBXContainerItemProxy section */

/* Begin PBXFileReference section */
		2B67AD720EB1FD8276220693 /* Pods-CocoacastsUITests.release.xcconfig */ = {isa = PBXFileReference; includeInIndex = 1; lastKnownFileType = text.xcconfig; name = "Pods-CocoacastsUITests.release.xcconfig"; path = "Target Support Files/Pods-CocoacastsUITests/Pods-CocoacastsUITests.release.xcconfig"; sourceTree = "<group>"; };
		55B43B855798B74149DECF48 /* Pods-CocoacastsTests.debug.xcconfig */ = {isa = PBXFileReference; includeInIndex = 1; lastKnownFileType = text.xcconfig; name = "Pods-CocoacastsTests.debug.xcconfig"; path = "Target Support Files/Pods-CocoacastsTests/Pods-CocoacastsTests.debug.xcconfig"; sourceTree = "<group>"; };
		613DCE24129321A772A2A661 /* Pods_Cocoacasts.framework */ = {isa = PBXFileReference; explicitFileType = wrapper.framework; includeInIndex = 0; path = Pods_Cocoacasts.framework; sourceTree = BUILT_PRODUCTS_DIR; };
		777B3B4F4F7256558BF0B9F1 /* Pods-Cocoacasts.debug.xcconfig */ = {isa = PBXFileReference; includeInIndex = 1; lastKnownFileType = text.xcconfig; name = "Pods-Cocoacasts.debug.xcconfig"; path = "Target Support Files/Pods-Cocoacasts/Pods-Cocoacasts.debug.xcconfig"; sourceTree = "<group>"; };
		9903E9B392B2B4342B268959 /* Pods-CocoacastsTests.release.xcconfig */ = {isa = PBXFileReference; includeInIndex = 1; lastKnownFileType = text.xcconfig; name = "Pods-CocoacastsTests.release.xcconfig"; path = "Target Support Files/Pods-CocoacastsTests/Pods-CocoacastsTests.release.xcconfig"; sourceTree = "<group>"; };
		9B2D0AFBE80D284E61B34325 /* Pods-CocoacastsUITests.debug.xcconfig */ = {isa = PBXFileReference; includeInIndex = 1; lastKnownFileType = text.xcconfig; name = "Pods-CocoacastsUITests.debug.xcconfig"; path = "Target Support Files/Pods-CocoacastsUITests/Pods-CocoacastsUITests.debug.xcconfig"; sourceTree = "<group>"; };
		9D5329BBAF91245E094F8F40 /* Pods-Cocoacasts.release.xcconfig */ = {isa = PBXFileReference; includeInIndex = 1; lastKnownFileType = text.xcconfig; name = "Pods-Cocoacasts.release.xcconfig"; path = "Target Support Files/Pods-Cocoacasts/Pods-Cocoacasts.release.xcconfig"; sourceTree = "<group>"; };
		A56892BE72B6430E9D0D3236 /* Pods_CocoacastsUITests.framework */ = {isa = PBXFileReference; explicitFileType = wrapper.framework; includeInIndex = 0; path = Pods_CocoacastsUITests.framework; sourceTree = BUILT_PRODUCTS_DIR; };
		B64884D52406F2A0000D5BC4 /* Cocoacasts.app */ = {isa = PBXFileReference; explicitFileType = wrapper.application; includeInIndex = 0; path = Cocoacasts.app; sourceTree = BUILT_PRODUCTS_DIR; };
		B64884D82406F2A0000D5BC4 /* AppDelegate.swift */ = {isa = PBXFileReference; lastKnownFileType = sourcecode.swift; path = AppDelegate.swift; sourceTree = "<group>"; };
		B64884DA2406F2A0000D5BC4 /* SceneDelegate.swift */ = {isa = PBXFileReference; lastKnownFileType = sourcecode.swift; path = SceneDelegate.swift; sourceTree = "<group>"; };
		B64884DC2406F2A0000D5BC4 /* ViewController.swift */ = {isa = PBXFileReference; lastKnownFileType = sourcecode.swift; path = ViewController.swift; sourceTree = "<group>"; };
		B64884DF2406F2A0000D5BC4 /* Base */ = {isa = PBXFileReference; lastKnownFileType = file.storyboard; name = Base; path = Base.lproj/Main.storyboard; sourceTree = "<group>"; };
		B64884E12406F2A3000D5BC4 /* Assets.xcassets */ = {isa = PBXFileReference; lastKnownFileType = folder.assetcatalog; path = Assets.xcassets; sourceTree = "<group>"; };
		B64884E42406F2A3000D5BC4 /* Base */ = {isa = PBXFileReference; lastKnownFileType = file.storyboard; name = Base; path = Base.lproj/LaunchScreen.storyboard; sourceTree = "<group>"; };
		B64884E62406F2A3000D5BC4 /* Info.plist */ = {isa = PBXFileReference; lastKnownFileType = text.plist.xml; path = Info.plist; sourceTree = "<group>"; };
		B64884EB2406F2A3000D5BC4 /* CocoacastsTests.xctest */ = {isa = PBXFileReference; explicitFileType = wrapper.cfbundle; includeInIndex = 0; path = CocoacastsTests.xctest; sourceTree = BUILT_PRODUCTS_DIR; };
		B64884F12406F2A3000D5BC4 /* Info.plist */ = {isa = PBXFileReference; lastKnownFileType = text.plist.xml; path = Info.plist; sourceTree = "<group>"; };
		B64884F62406F2A3000D5BC4 /* CocoacastsUITests.xctest */ = {isa = PBXFileReference; explicitFileType = wrapper.cfbundle; includeInIndex = 0; path = CocoacastsUITests.xctest; sourceTree = BUILT_PRODUCTS_DIR; };
		B64884FC2406F2A3000D5BC4 /* Info.plist */ = {isa = PBXFileReference; lastKnownFileType = text.plist.xml; path = Info.plist; sourceTree = "<group>"; };
		FC3EFFCE203C29B1308C80BB /* Pods_CocoacastsTests.framework */ = {isa = PBXFileReference; explicitFileType = wrapper.framework; includeInIndex = 0; path = Pods_CocoacastsTests.framework; sourceTree = BUILT_PRODUCTS_DIR; };
/* End PBXFileReference section */

/* Begin PBXFrameworksBuildPhase section */
		B64884D22406F2A0000D5BC4 /* Frameworks */ = {
			isa = PBXFrameworksBuildPhase;
			buildActionMask = 2147483647;
			files = (
				D265CF59FB16A1115A08D917 /* Pods_Cocoacasts.framework in Frameworks */,
			);
			runOnlyForDeploymentPostprocessing = 0;
		};
		B64884E82406F2A3000D5BC4 /* Frameworks */ = {
			isa = PBXFrameworksBuildPhase;
			buildActionMask = 2147483647;
			files = (
				A783FEA43DBB9C25ACCEF090 /* Pods_CocoacastsTests.framework in Frameworks */,
			);
			runOnlyForDeploymentPostprocessing = 0;
		};
		B64884F32406F2A3000D5BC4 /* Frameworks */ = {
			isa = PBXFrameworksBuildPhase;
			buildActionMask = 2147483647;
			files = (
				CA4B58C661F9676EB0A6C9F4 /* Pods_CocoacastsUITests.framework in Frameworks */,
			);
			runOnlyForDeploymentPostprocessing = 0;
		};
/* End PBXFrameworksBuildPhase section */

/* Begin PBXGroup section */
		A7E5B4F99A2625A2E9702FA9 /* Pods */ = {
			isa = PBXGroup;
			children = (
				777B3B4F4F7256558BF0B9F1 /* Pods-Cocoacasts.debug.xcconfig */,
				9D5329BBAF91245E094F8F40 /* Pods-Cocoacasts.release.xcconfig */,
				55B43B855798B74149DECF48 /* Pods-CocoacastsTests.debug.xcconfig */,
				9903E9B392B2B4342B268959 /* Pods-CocoacastsTests.release.xcconfig */,
				9B2D0AFBE80D284E61B34325 /* Pods-CocoacastsUITests.debug.xcconfig */,
				2B67AD720EB1FD8276220693 /* Pods-CocoacastsUITests.release.xcconfig */,
			);
			name = Pods;
			path = Pods;
			sourceTree = "<group>";
		};
		B64884CC2406F2A0000D5BC4 = {
			isa = PBXGroup;
			children = (
				B64884D72406F2A0000D5BC4 /* Cocoacasts */,
				B64884EE2406F2A3000D5BC4 /* CocoacastsTests */,
				B64884F92406F2A3000D5BC4 /* CocoacastsUITests */,
				B64884D62406F2A0000D5BC4 /* Products */,
				A7E5B4F99A2625A2E9702FA9 /* Pods */,
				C4C2C92E776B1F88D1C284E5 /* Frameworks */,
			);
			sourceTree = "<group>";
		};
		B64884D62406F2A0000D5BC4 /* Products */ = {
			isa = PBXGroup;
			children = (
				B64884D52406F2A0000D5BC4 /* Cocoacasts.app */,
				B64884EB2406F2A3000D5BC4 /* CocoacastsTests.xctest */,
				B64884F62406F2A3000D5BC4 /* CocoacastsUITests.xctest */,
			);
			name = Products;
			sourceTree = "<group>";
		};
		B64884D72406F2A0000D5BC4 /* Cocoacasts */ = {
			isa = PBXGroup;
			children = (
				B64885082406F2E4000D5BC4 /* Application Delegate */,
				B64885092406F301000D5BC4 /* View Controllers */,
				B648850A2406F32A000D5BC4 /* Storyboards */,
				B648850B2406F340000D5BC4 /* Resources */,
				B648850C2406F352000D5BC4 /* Supporting Files */,
			);
			path = Cocoacasts;
			sourceTree = "<group>";
		};
		B64884EE2406F2A3000D5BC4 /* CocoacastsTests */ = {
			isa = PBXGroup;
			children = (
				B64884F12406F2A3000D5BC4 /* Info.plist */,
			);
			path = CocoacastsTests;
			sourceTree = "<group>";
		};
		B64884F92406F2A3000D5BC4 /* CocoacastsUITests */ = {
			isa = PBXGroup;
			children = (
				B64884FC2406F2A3000D5BC4 /* Info.plist */,
			);
			path = CocoacastsUITests;
			sourceTree = "<group>";
		};
		B64885082406F2E4000D5BC4 /* Application Delegate */ = {
			isa = PBXGroup;
			children = (
				B64884D82406F2A0000D5BC4 /* AppDelegate.swift */,
			);
			path = "Application Delegate";
			sourceTree = "<group>";
		};
		B64885092406F301000D5BC4 /* View Controllers */ = {
			isa = PBXGroup;
			children = (
				B64884DC2406F2A0000D5BC4 /* ViewController.swift */,
			);
			path = "View Controllers";
			sourceTree = "<group>";
		};
		B648850A2406F32A000D5BC4 /* Storyboards */ = {
			isa = PBXGroup;
			children = (
				B64884DE2406F2A0000D5BC4 /* Main.storyboard */,
				B64884E32406F2A3000D5BC4 /* LaunchScreen.storyboard */,
			);
			path = Storyboards;
			sourceTree = "<group>";
		};
		B648850B2406F340000D5BC4 /* Resources */ = {
			isa = PBXGroup;
			children = (
				B64884E12406F2A3000D5BC4 /* Assets.xcassets */,
			);
			path = Resources;
			sourceTree = "<group>";
		};
		B648850C2406F352000D5BC4 /* Supporting Files */ = {
			isa = PBXGroup;
			children = (
				B64884DA2406F2A0000D5BC4 /* SceneDelegate.swift */,
				B64884E62406F2A3000D5BC4 /* Info.plist */,
			);
			path = "Supporting Files";
			sourceTree = "<group>";
		};
		C4C2C92E776B1F88D1C284E5 /* Frameworks */ = {
			isa = PBXGroup;
			children = (
				613DCE24129321A772A2A661 /* Pods_Cocoacasts.framework */,
				FC3EFFCE203C29B1308C80BB /* Pods_CocoacastsTests.framework */,
				A56892BE72B6430E9D0D3236 /* Pods_CocoacastsUITests.framework */,
			);
			name = Frameworks;
			sourceTree = "<group>";
		};
/* End PBXGroup section */

/* Begin PBXNativeTarget section */
		B64884D42406F2A0000D5BC4 /* Cocoacasts */ = {
			isa = PBXNativeTarget;
			buildConfigurationList = B64884FF2406F2A3000D5BC4 /* Build configuration list for PBXNativeTarget "Cocoacasts" */;
			buildPhases = (
				12B592904DE54C80B5D1FA47 /* [CP] Check Pods Manifest.lock */,
				B64884D12406F2A0000D5BC4 /* Sources */,
				B64884D22406F2A0000D5BC4 /* Frameworks */,
				B64884D32406F2A0000D5BC4 /* Resources */,
				4DD6707D976ABB235B64729D /* [CP] Embed Pods Frameworks */,
			);
			buildRules = (
			);
			dependencies = (
			);
			name = Cocoacasts;
			productName = Cocoacasts;
			productReference = B64884D52406F2A0000D5BC4 /* Cocoacasts.app */;
			productType = "com.apple.product-type.application";
		};
		B64884EA2406F2A3000D5BC4 /* CocoacastsTests */ = {
			isa = PBXNativeTarget;
			buildConfigurationList = B64885022406F2A3000D5BC4 /* Build configuration list for PBXNativeTarget "CocoacastsTests" */;
			buildPhases = (
				CF96673F9809498DF8D31F16 /* [CP] Check Pods Manifest.lock */,
				B64884E72406F2A3000D5BC4 /* Sources */,
				B64884E82406F2A3000D5BC4 /* Frameworks */,
				B64884E92406F2A3000D5BC4 /* Resources */,
			);
			buildRules = (
			);
			dependencies = (
				B64884ED2406F2A3000D5BC4 /* PBXTargetDependency */,
			);
			name = CocoacastsTests;
			productName = CocoacastsTests;
			productReference = B64884EB2406F2A3000D5BC4 /* CocoacastsTests.xctest */;
			productType = "com.apple.product-type.bundle.unit-test";
		};
		B64884F52406F2A3000D5BC4 /* CocoacastsUITests */ = {
			isa = PBXNativeTarget;
			buildConfigurationList = B64885052406F2A3000D5BC4 /* Build configuration list for PBXNativeTarget "CocoacastsUITests" */;
			buildPhases = (
				F3896778A8E510543F3CC0F6 /* [CP] Check Pods Manifest.lock */,
				B64884F22406F2A3000D5BC4 /* Sources */,
				B64884F32406F2A3000D5BC4 /* Frameworks */,
				B64884F42406F2A3000D5BC4 /* Resources */,
			);
			buildRules = (
			);
			dependencies = (
				B64884F82406F2A3000D5BC4 /* PBXTargetDependency */,
			);
			name = CocoacastsUITests;
			productName = CocoacastsUITests;
			productReference = B64884F62406F2A3000D5BC4 /* CocoacastsUITests.xctest */;
			productType = "com.apple.product-type.bundle.ui-testing";
		};
/* End PBXNativeTarget section */

/* Begin PBXProject section */
		B64884CD2406F2A0000D5BC4 /* Project object */ = {
			isa = PBXProject;
			attributes = {
				LastSwiftUpdateCheck = 1130;
				LastUpgradeCheck = 1130;
				ORGANIZATIONNAME = "Fred Waltman";
				TargetAttributes = {
					B64884D42406F2A0000D5BC4 = {
						CreatedOnToolsVersion = 11.3.1;
					};
					B64884EA2406F2A3000D5BC4 = {
						CreatedOnToolsVersion = 11.3.1;
						TestTargetID = B64884D42406F2A0000D5BC4;
					};
					B64884F52406F2A3000D5BC4 = {
						CreatedOnToolsVersion = 11.3.1;
						TestTargetID = B64884D42406F2A0000D5BC4;
					};
				};
			};
			buildConfigurationList = B64884D02406F2A0000D5BC4 /* Build configuration list for PBXProject "Cocoacasts" */;
			compatibilityVersion = "Xcode 9.3";
			developmentRegion = en;
			hasScannedForEncodings = 0;
			knownRegions = (
				en,
				Base,
			);
			mainGroup = B64884CC2406F2A0000D5BC4;
			productRefGroup = B64884D62406F2A0000D5BC4 /* Products */;
			projectDirPath = "";
			projectRoot = "";
			targets = (
				B64884D42406F2A0000D5BC4 /* Cocoacasts */,
				B64884EA2406F2A3000D5BC4 /* CocoacastsTests */,
				B64884F52406F2A3000D5BC4 /* CocoacastsUITests */,
			);
		};
/* End PBXProject section */

/* Begin PBXResourcesBuildPhase section */
		B64884D32406F2A0000D5BC4 /* Resources */ = {
			isa = PBXResourcesBuildPhase;
			buildActionMask = 2147483647;
			files = (
				B64884E52406F2A3000D5BC4 /* LaunchScreen.storyboard in Resources */,
				B64884E22406F2A3000D5BC4 /* Assets.xcassets in Resources */,
				B64884E02406F2A0000D5BC4 /* Main.storyboard in Resources */,
			);
			runOnlyForDeploymentPostprocessing = 0;
		};
		B64884E92406F2A3000D5BC4 /* Resources */ = {
			isa = PBXResourcesBuildPhase;
			buildActionMask = 2147483647;
			files = (
			);
			runOnlyForDeploymentPostprocessing = 0;
		};
		B64884F42406F2A3000D5BC4 /* Resources */ = {
			isa = PBXResourcesBuildPhase;
			buildActionMask = 2147483647;
			files = (
			);
			runOnlyForDeploymentPostprocessing = 0;
		};
/* End PBXResourcesBuildPhase section */

/* Begin PBXShellScriptBuildPhase section */
		12B592904DE54C80B5D1FA47 /* [CP] Check Pods Manifest.lock */ = {
			isa = PBXShellScriptBuildPhase;
			buildActionMask = 2147483647;
			files = (
			);
			inputFileListPaths = (
			);
			inputPaths = (
				"${PODS_PODFILE_DIR_PATH}/Podfile.lock",
				"${PODS_ROOT}/Manifest.lock",
			);
			name = "[CP] Check Pods Manifest.lock";
			outputFileListPaths = (
			);
			outputPaths = (
				"$(DERIVED_FILE_DIR)/Pods-Cocoacasts-checkManifestLockResult.txt",
			);
			runOnlyForDeploymentPostprocessing = 0;
			shellPath = /bin/sh;
			shellScript = "diff \"${PODS_PODFILE_DIR_PATH}/Podfile.lock\" \"${PODS_ROOT}/Manifest.lock\" > /dev/null\nif [ $? != 0 ] ; then\n    # print error to STDERR\n    echo \"error: The sandbox is not in sync with the Podfile.lock. Run 'pod install' or update your CocoaPods installation.\" >&2\n    exit 1\nfi\n# This output is used by Xcode 'outputs' to avoid re-running this script phase.\necho \"SUCCESS\" > \"${SCRIPT_OUTPUT_FILE_0}\"\n";
			showEnvVarsInLog = 0;
		};
		4DD6707D976ABB235B64729D /* [CP] Embed Pods Frameworks */ = {
			isa = PBXShellScriptBuildPhase;
			buildActionMask = 2147483647;
			files = (
			);
			inputFileListPaths = (
			);
			inputPaths = (
				"${PODS_ROOT}/Target Support Files/Pods-Cocoacasts/Pods-Cocoacasts-frameworks.sh",
				"${BUILT_PRODUCTS_DIR}/KeychainAccess/KeychainAccess.framework",
				"${BUILT_PRODUCTS_DIR}/ReachabilitySwift/Reachability.framework",
				"${PODS_ROOT}/Reveal-SDK/RevealServer/iOS/RevealServer.framework",
			);
			name = "[CP] Embed Pods Frameworks";
			outputFileListPaths = (
			);
			outputPaths = (
				"${TARGET_BUILD_DIR}/${FRAMEWORKS_FOLDER_PATH}/KeychainAccess.framework",
				"${TARGET_BUILD_DIR}/${FRAMEWORKS_FOLDER_PATH}/Reachability.framework",
				"${TARGET_BUILD_DIR}/${FRAMEWORKS_FOLDER_PATH}/RevealServer.framework",
			);
			runOnlyForDeploymentPostprocessing = 0;
			shellPath = /bin/sh;
			shellScript = "\"${PODS_ROOT}/Target Support Files/Pods-Cocoacasts/Pods-Cocoacasts-frameworks.sh\"\n";
			showEnvVarsInLog = 0;
		};
		CF96673F9809498DF8D31F16 /* [CP] Check Pods Manifest.lock */ = {
			isa = PBXShellScriptBuildPhase;
			buildActionMask = 2147483647;
			files = (
			);
			inputFileListPaths = (
			);
			inputPaths = (
				"${PODS_PODFILE_DIR_PATH}/Podfile.lock",
				"${PODS_ROOT}/Manifest.lock",
			);
			name = "[CP] Check Pods Manifest.lock";
			outputFileListPaths = (
			);
			outputPaths = (
				"$(DERIVED_FILE_DIR)/Pods-CocoacastsTests-checkManifestLockResult.txt",
			);
			runOnlyForDeploymentPostprocessing = 0;
			shellPath = /bin/sh;
			shellScript = "diff \"${PODS_PODFILE_DIR_PATH}/Podfile.lock\" \"${PODS_ROOT}/Manifest.lock\" > /dev/null\nif [ $? != 0 ] ; then\n    # print error to STDERR\n    echo \"error: The sandbox is not in sync with the Podfile.lock. Run 'pod install' or update your CocoaPods installation.\" >&2\n    exit 1\nfi\n# This output is used by Xcode 'outputs' to avoid re-running this script phase.\necho \"SUCCESS\" > \"${SCRIPT_OUTPUT_FILE_0}\"\n";
			showEnvVarsInLog = 0;
		};
		F3896778A8E510543F3CC0F6 /* [CP] Check Pods Manifest.lock */ = {
			isa = PBXShellScriptBuildPhase;
			buildActionMask = 2147483647;
			files = (
			);
			inputFileListPaths = (
			);
			inputPaths = (
				"${PODS_PODFILE_DIR_PATH}/Podfile.lock",
				"${PODS_ROOT}/Manifest.lock",
			);
			name = "[CP] Check Pods Manifest.lock";
			outputFileListPaths = (
			);
			outputPaths = (
				"$(DERIVED_FILE_DIR)/Pods-CocoacastsUITests-checkManifestLockResult.txt",
			);
			runOnlyForDeploymentPostprocessing = 0;
			shellPath = /bin/sh;
			shellScript = "diff \"${PODS_PODFILE_DIR_PATH}/Podfile.lock\" \"${PODS_ROOT}/Manifest.lock\" > /dev/null\nif [ $? != 0 ] ; then\n    # print error to STDERR\n    echo \"error: The sandbox is not in sync with the Podfile.lock. Run 'pod install' or update your CocoaPods installation.\" >&2\n    exit 1\nfi\n# This output is used by Xcode 'outputs' to avoid re-running this script phase.\necho \"SUCCESS\" > \"${SCRIPT_OUTPUT_FILE_0}\"\n";
			showEnvVarsInLog = 0;
		};
/* End PBXShellScriptBuildPhase section */

/* Begin PBXSourcesBuildPhase section */
		B64884D12406F2A0000D5BC4 /* Sources */ = {
			isa = PBXSourcesBuildPhase;
			buildActionMask = 2147483647;
			files = (
				B64884DD2406F2A0000D5BC4 /* ViewController.swift in Sources */,
				B64884D92406F2A0000D5BC4 /* AppDelegate.swift in Sources */,
				B64884DB2406F2A0000D5BC4 /* SceneDelegate.swift in Sources */,
			);
			runOnlyForDeploymentPostprocessing = 0;
		};
		B64884E72406F2A3000D5BC4 /* Sources */ = {
			isa = PBXSourcesBuildPhase;
			buildActionMask = 2147483647;
			files = (
			);
			runOnlyForDeploymentPostprocessing = 0;
		};
		B64884F22406F2A3000D5BC4 /* Sources */ = {
			isa = PBXSourcesBuildPhase;
			buildActionMask = 2147483647;
			files = (
			);
			runOnlyForDeploymentPostprocessing = 0;
		};
/* End PBXSourcesBuildPhase section */

/* Begin PBXTargetDependency section */
		B64884ED2406F2A3000D5BC4 /* PBXTargetDependency */ = {
			isa = PBXTargetDependency;
			target = B64884D42406F2A0000D5BC4 /* Cocoacasts */;
			targetProxy = B64884EC2406F2A3000D5BC4 /* PBXContainerItemProxy */;
		};
		B64884F82406F2A3000D5BC4 /* PBXTargetDependency */ = {
			isa = PBXTargetDependency;
			target = B64884D42406F2A0000D5BC4 /* Cocoacasts */;
			targetProxy = B64884F72406F2A3000D5BC4 /* PBXContainerItemProxy */;
		};
/* End PBXTargetDependency section */

/* Begin PBXVariantGroup section */
		B64884DE2406F2A0000D5BC4 /* Main.storyboard */ = {
			isa = PBXVariantGroup;
			children = (
				B64884DF2406F2A0000D5BC4 /* Base */,
			);
			name = Main.storyboard;
			sourceTree = "<group>";
		};
		B64884E32406F2A3000D5BC4 /* LaunchScreen.storyboard */ = {
			isa = PBXVariantGroup;
			children = (
				B64884E42406F2A3000D5BC4 /* Base */,
			);
			name = LaunchScreen.storyboard;
			sourceTree = "<group>";
		};
/* End PBXVariantGroup section */

/* Begin XCBuildConfiguration section */
		B64884FD2406F2A3000D5BC4 /* Debug */ = {
			isa = XCBuildConfiguration;
			buildSettings = {
				ALWAYS_SEARCH_USER_PATHS = NO;
				CLANG_ANALYZER_NONNULL = YES;
				CLANG_ANALYZER_NUMBER_OBJECT_CONVERSION = YES_AGGRESSIVE;
				CLANG_CXX_LANGUAGE_STANDARD = "gnu++14";
				CLANG_CXX_LIBRARY = "libc++";
				CLANG_ENABLE_MODULES = YES;
				CLANG_ENABLE_OBJC_ARC = YES;
				CLANG_ENABLE_OBJC_WEAK = YES;
				CLANG_WARN_BLOCK_CAPTURE_AUTORELEASING = YES;
				CLANG_WARN_BOOL_CONVERSION = YES;
				CLANG_WARN_COMMA = YES;
				CLANG_WARN_CONSTANT_CONVERSION = YES;
				CLANG_WARN_DEPRECATED_OBJC_IMPLEMENTATIONS = YES;
				CLANG_WARN_DIRECT_OBJC_ISA_USAGE = YES_ERROR;
				CLANG_WARN_DOCUMENTATION_COMMENTS = YES;
				CLANG_WARN_EMPTY_BODY = YES;
				CLANG_WARN_ENUM_CONVERSION = YES;
				CLANG_WARN_INFINITE_RECURSION = YES;
				CLANG_WARN_INT_CONVERSION = YES;
				CLANG_WARN_NON_LITERAL_NULL_CONVERSION = YES;
				CLANG_WARN_OBJC_IMPLICIT_RETAIN_SELF = YES;
				CLANG_WARN_OBJC_LITERAL_CONVERSION = YES;
				CLANG_WARN_OBJC_ROOT_CLASS = YES_ERROR;
				CLANG_WARN_RANGE_LOOP_ANALYSIS = YES;
				CLANG_WARN_STRICT_PROTOTYPES = YES;
				CLANG_WARN_SUSPICIOUS_MOVE = YES;
				CLANG_WARN_UNGUARDED_AVAILABILITY = YES_AGGRESSIVE;
				CLANG_WARN_UNREACHABLE_CODE = YES;
				CLANG_WARN__DUPLICATE_METHOD_MATCH = YES;
				COPY_PHASE_STRIP = NO;
				DEBUG_INFORMATION_FORMAT = dwarf;
				ENABLE_STRICT_OBJC_MSGSEND = YES;
				ENABLE_TESTABILITY = YES;
				GCC_C_LANGUAGE_STANDARD = gnu11;
				GCC_DYNAMIC_NO_PIC = NO;
				GCC_NO_COMMON_BLOCKS = YES;
				GCC_OPTIMIZATION_LEVEL = 0;
				GCC_PREPROCESSOR_DEFINITIONS = (
					"DEBUG=1",
					"$(inherited)",
				);
				GCC_WARN_64_TO_32_BIT_CONVERSION = YES;
				GCC_WARN_ABOUT_RETURN_TYPE = YES_ERROR;
				GCC_WARN_UNDECLARED_SELECTOR = YES;
				GCC_WARN_UNINITIALIZED_AUTOS = YES_AGGRESSIVE;
				GCC_WARN_UNUSED_FUNCTION = YES;
				GCC_WARN_UNUSED_VARIABLE = YES;
				IPHONEOS_DEPLOYMENT_TARGET = 13.2;
				MTL_ENABLE_DEBUG_INFO = INCLUDE_SOURCE;
				MTL_FAST_MATH = YES;
				ONLY_ACTIVE_ARCH = YES;
				SDKROOT = iphoneos;
				SWIFT_ACTIVE_COMPILATION_CONDITIONS = DEBUG;
				SWIFT_OPTIMIZATION_LEVEL = "-Onone";
			};
			name = Debug;
		};
		B64884FE2406F2A3000D5BC4 /* Release */ = {
			isa = XCBuildConfiguration;
			buildSettings = {
				ALWAYS_SEARCH_USER_PATHS = NO;
				CLANG_ANALYZER_NONNULL = YES;
				CLANG_ANALYZER_NUMBER_OBJECT_CONVERSION = YES_AGGRESSIVE;
				CLANG_CXX_LANGUAGE_STANDARD = "gnu++14";
				CLANG_CXX_LIBRARY = "libc++";
				CLANG_ENABLE_MODULES = YES;
				CLANG_ENABLE_OBJC_ARC = YES;
				CLANG_ENABLE_OBJC_WEAK = YES;
				CLANG_WARN_BLOCK_CAPTURE_AUTORELEASING = YES;
				CLANG_WARN_BOOL_CONVERSION = YES;
				CLANG_WARN_COMMA = YES;
				CLANG_WARN_CONSTANT_CONVERSION = YES;
				CLANG_WARN_DEPRECATED_OBJC_IMPLEMENTATIONS = YES;
				CLANG_WARN_DIRECT_OBJC_ISA_USAGE = YES_ERROR;
				CLANG_WARN_DOCUMENTATION_COMMENTS = YES;
				CLANG_WARN_EMPTY_BODY = YES;
				CLANG_WARN_ENUM_CONVERSION = YES;
				CLANG_WARN_INFINITE_RECURSION = YES;
				CLANG_WARN_INT_CONVERSION = YES;
				CLANG_WARN_NON_LITERAL_NULL_CONVERSION = YES;
				CLANG_WARN_OBJC_IMPLICIT_RETAIN_SELF = YES;
				CLANG_WARN_OBJC_LITERAL_CONVERSION = YES;
				CLANG_WARN_OBJC_ROOT_CLASS = YES_ERROR;
				CLANG_WARN_RANGE_LOOP_ANALYSIS = YES;
				CLANG_WARN_STRICT_PROTOTYPES = YES;
				CLANG_WARN_SUSPICIOUS_MOVE = YES;
				CLANG_WARN_UNGUARDED_AVAILABILITY = YES_AGGRESSIVE;
				CLANG_WARN_UNREACHABLE_CODE = YES;
				CLANG_WARN__DUPLICATE_METHOD_MATCH = YES;
				COPY_PHASE_STRIP = NO;
				DEBUG_INFORMATION_FORMAT = "dwarf-with-dsym";
				ENABLE_NS_ASSERTIONS = NO;
				ENABLE_STRICT_OBJC_MSGSEND = YES;
				GCC_C_LANGUAGE_STANDARD = gnu11;
				GCC_NO_COMMON_BLOCKS = YES;
				GCC_WARN_64_TO_32_BIT_CONVERSION = YES;
				GCC_WARN_ABOUT_RETURN_TYPE = YES_ERROR;
				GCC_WARN_UNDECLARED_SELECTOR = YES;
				GCC_WARN_UNINITIALIZED_AUTOS = YES_AGGRESSIVE;
				GCC_WARN_UNUSED_FUNCTION = YES;
				GCC_WARN_UNUSED_VARIABLE = YES;
				IPHONEOS_DEPLOYMENT_TARGET = 13.2;
				MTL_ENABLE_DEBUG_INFO = NO;
				MTL_FAST_MATH = YES;
				SDKROOT = iphoneos;
				SWIFT_COMPILATION_MODE = wholemodule;
				SWIFT_OPTIMIZATION_LEVEL = "-O";
				VALIDATE_PRODUCT = YES;
			};
			name = Release;
		};
		B64885002406F2A3000D5BC4 /* Debug */ = {
			isa = XCBuildConfiguration;
			baseConfigurationReference = 777B3B4F4F7256558BF0B9F1 /* Pods-Cocoacasts.debug.xcconfig */;
			buildSettings = {
				ASSETCATALOG_COMPILER_APPICON_NAME = AppIcon;
				CODE_SIGN_STYLE = Automatic;
				DEVELOPMENT_TEAM = 4WKEHK88AJ;
				INFOPLIST_FILE = "Cocoacasts/Supporting Files/Info.plist";
				LD_RUNPATH_SEARCH_PATHS = (
					"$(inherited)",
					"@executable_path/Frameworks",
				);
				PRODUCT_BUNDLE_IDENTIFIER = com.fredwaltman.Cocoacasts;
				PRODUCT_NAME = "$(TARGET_NAME)";
				SWIFT_VERSION = 5.0;
				TARGETED_DEVICE_FAMILY = "1,2";
			};
			name = Debug;
		};
		B64885012406F2A3000D5BC4 /* Release */ = {
			isa = XCBuildConfiguration;
			baseConfigurationReference = 9D5329BBAF91245E094F8F40 /* Pods-Cocoacasts.release.xcconfig */;
			buildSettings = {
				ASSETCATALOG_COMPILER_APPICON_NAME = AppIcon;
				CODE_SIGN_STYLE = Automatic;
				DEVELOPMENT_TEAM = 4WKEHK88AJ;
				INFOPLIST_FILE = "Cocoacasts/Supporting Files/Info.plist";
				LD_RUNPATH_SEARCH_PATHS = (
					"$(inherited)",
					"@executable_path/Frameworks",
				);
				PRODUCT_BUNDLE_IDENTIFIER = com.fredwaltman.Cocoacasts;
				PRODUCT_NAME = "$(TARGET_NAME)";
				SWIFT_VERSION = 5.0;
				TARGETED_DEVICE_FAMILY = "1,2";
			};
			name = Release;
		};
		B64885032406F2A3000D5BC4 /* Debug */ = {
			isa = XCBuildConfiguration;
			baseConfigurationReference = 55B43B855798B74149DECF48 /* Pods-CocoacastsTests.debug.xcconfig */;
			buildSettings = {
				ALWAYS_EMBED_SWIFT_STANDARD_LIBRARIES = YES;
				BUNDLE_LOADER = "$(TEST_HOST)";
				CODE_SIGN_STYLE = Automatic;
				DEVELOPMENT_TEAM = 4WKEHK88AJ;
				INFOPLIST_FILE = CocoacastsTests/Info.plist;
				IPHONEOS_DEPLOYMENT_TARGET = 13.2;
				LD_RUNPATH_SEARCH_PATHS = (
					"$(inherited)",
					"@executable_path/Frameworks",
					"@loader_path/Frameworks",
				);
				PRODUCT_BUNDLE_IDENTIFIER = com.fredwaltman.CocoacastsTests;
				PRODUCT_NAME = "$(TARGET_NAME)";
				SWIFT_VERSION = 5.0;
				TARGETED_DEVICE_FAMILY = "1,2";
				TEST_HOST = "$(BUILT_PRODUCTS_DIR)/Cocoacasts.app/Cocoacasts";
			};
			name = Debug;
		};
		B64885042406F2A3000D5BC4 /* Release */ = {
			isa = XCBuildConfiguration;
			baseConfigurationReference = 9903E9B392B2B4342B268959 /* Pods-CocoacastsTests.release.xcconfig */;
			buildSettings = {
				ALWAYS_EMBED_SWIFT_STANDARD_LIBRARIES = YES;
				BUNDLE_LOADER = "$(TEST_HOST)";
				CODE_SIGN_STYLE = Automatic;
				DEVELOPMENT_TEAM = 4WKEHK88AJ;
				INFOPLIST_FILE = CocoacastsTests/Info.plist;
				IPHONEOS_DEPLOYMENT_TARGET = 13.2;
				LD_RUNPATH_SEARCH_PATHS = (
					"$(inherited)",
					"@executable_path/Frameworks",
					"@loader_path/Frameworks",
				);
				PRODUCT_BUNDLE_IDENTIFIER = com.fredwaltman.CocoacastsTests;
				PRODUCT_NAME = "$(TARGET_NAME)";
				SWIFT_VERSION = 5.0;
				TARGETED_DEVICE_FAMILY = "1,2";
				TEST_HOST = "$(BUILT_PRODUCTS_DIR)/Cocoacasts.app/Cocoacasts";
			};
			name = Release;
		};
		B64885062406F2A3000D5BC4 /* Debug */ = {
			isa = XCBuildConfiguration;
			baseConfigurationReference = 9B2D0AFBE80D284E61B34325 /* Pods-CocoacastsUITests.debug.xcconfig */;
			buildSettings = {
				ALWAYS_EMBED_SWIFT_STANDARD_LIBRARIES = YES;
				CODE_SIGN_STYLE = Automatic;
				DEVELOPMENT_TEAM = 4WKEHK88AJ;
				INFOPLIST_FILE = CocoacastsUITests/Info.plist;
				LD_RUNPATH_SEARCH_PATHS = (
					"$(inherited)",
					"@executable_path/Frameworks",
					"@loader_path/Frameworks",
				);
				PRODUCT_BUNDLE_IDENTIFIER = com.fredwaltman.CocoacastsUITests;
				PRODUCT_NAME = "$(TARGET_NAME)";
				SWIFT_VERSION = 5.0;
				TARGETED_DEVICE_FAMILY = "1,2";
				TEST_TARGET_NAME = Cocoacasts;
			};
			name = Debug;
		};
		B64885072406F2A3000D5BC4 /* Release */ = {
			isa = XCBuildConfiguration;
			baseConfigurationReference = 2B67AD720EB1FD8276220693 /* Pods-CocoacastsUITests.release.xcconfig */;
			buildSettings = {
				ALWAYS_EMBED_SWIFT_STANDARD_LIBRARIES = YES;
				CODE_SIGN_STYLE = Automatic;
				DEVELOPMENT_TEAM = 4WKEHK88AJ;
				INFOPLIST_FILE = CocoacastsUITests/Info.plist;
				LD_RUNPATH_SEARCH_PATHS = (
					"$(inherited)",
					"@executable_path/Frameworks",
					"@loader_path/Frameworks",
				);
				PRODUCT_BUNDLE_IDENTIFIER = com.fredwaltman.CocoacastsUITests;
				PRODUCT_NAME = "$(TARGET_NAME)";
				SWIFT_VERSION = 5.0;
				TARGETED_DEVICE_FAMILY = "1,2";
				TEST_TARGET_NAME = Cocoacasts;
			};
			name = Release;
		};
/* End XCBuildConfiguration section */

/* Begin XCConfigurationList section */
		B64884D02406F2A0000D5BC4 /* Build configuration list for PBXProject "Cocoacasts" */ = {
			isa = XCConfigurationList;
			buildConfigurations = (
				B64884FD2406F2A3000D5BC4 /* Debug */,
				B64884FE2406F2A3000D5BC4 /* Release */,
			);
			defaultConfigurationIsVisible = 0;
			defaultConfigurationName = Release;
		};
		B64884FF2406F2A3000D5BC4 /* Build configuration list for PBXNativeTarget "Cocoacasts" */ = {
			isa = XCConfigurationList;
			buildConfigurations = (
				B64885002406F2A3000D5BC4 /* Debug */,
				B64885012406F2A3000D5BC4 /* Release */,
			);
			defaultConfigurationIsVisible = 0;
			defaultConfigurationName = Release;
		};
		B64885022406F2A3000D5BC4 /* Build configuration list for PBXNativeTarget "CocoacastsTests" */ = {
			isa = XCConfigurationList;
			buildConfigurations = (
				B64885032406F2A3000D5BC4 /* Debug */,
				B64885042406F2A3000D5BC4 /* Release */,
			);
			defaultConfigurationIsVisible = 0;
			defaultConfigurationName = Release;
		};
		B64885052406F2A3000D5BC4 /* Build configuration list for PBXNativeTarget "CocoacastsUITests" */ = {
			isa = XCConfigurationList;
			buildConfigurations = (
				B64885062406F2A3000D5BC4 /* Debug */,
				B64885072406F2A3000D5BC4 /* Release */,
			);
			defaultConfigurationIsVisible = 0;
			defaultConfigurationName = Release;
		};
/* End XCConfigurationList section */
	};
	rootObject = B64884CD2406F2A0000D5BC4 /* Project object */;
}
